lockfileVersion: '9.0'

settings:
  autoInstallPeers: true
  excludeLinksFromLockfile: false

importers:

  .:
    dependencies:
      '@langfuse/otel':
        specifier: ^5.9.0
        version: 5.10.0(@opentelemetry/api@1.9.1)(@opentelemetry/core@2.0.1(@opentelemetry/api@1.9.1))(@opentelemetry/exporter-trace-otlp-http@0.203.0(@opentelemetry/api@1.9.1))(@opentelemetry/sdk-trace-base@2.0.1(@opentelemetry/api@1.9.1))
      '@langfuse/tracing':
        specifier: ^5.3.0
        version: 5.10.0(@opentelemetry/api@1.9.1)
      '@opentelemetry/sdk-node':
        specifier: ^0.203.0
        version: 0.203.0(@opentelemetry/api@1.9.1)
      dotenv:
        specifier: ^17.2.3
        version: 17.4.2
    devDependencies:
      '@types/node':
        specifier: ^22.20.1
        version: 22.20.1
      tsx:
        specifier: ^4.19.2
        version: 4.23.1
      typescript:
        specifier: ^5.7.2
        version: 5.9.3

packages:

  '@esbuild/aix-ppc64@0.28.1':
    resolution: {integrity: sha512-Svl7tq8k/08+p6CXPpRjQ1fKX+1odH/BQbb48fV6fj3CWHhsoIOoY87w1oHXm0qEpkIK3ZfVgp0hed3XBXzXMQ==}
    engines: {node: '>=18'}
    cpu: [ppc64]
    os: [aix]

  '@esbuild/android-arm64@0.28.1':
    resolution: {integrity: sha512-34EGEbCIAgosYz6goLcopX6Mo7NyGv9tfwEM2/7Ce2VcVRk568iSvniGWcUXIy7wEDR1wzolcxcriFVrWYcwBg==}
    engines: {node: '>=18'}
    cpu: [arm64]
    os: [android]

  '@esbuild/android-arm@0.28.1':
    resolution: {integrity: sha512-0k2F129Xdio1TdJfzJ8sy1Q47vUD2NnwdhiAf7drUN1EBTfPf4hsFCtmMgu/6m8JSzsBrlmVjudMBQqOfG8usQ==}
    engines: {node: '>=18'}
    cpu: [arm]
    os: [android]

  '@esbuild/android-x64@0.28.1':
    resolution: {integrity: sha512-dbwY7ltSMDWsRatcRpCnES4F+im88OCUgGZjy52shC7GqHRE/cYlxNbB4Z4UpJswpcc4Qxd2oE/ufM0p61IKng==}
    engines: {node: '>=18'}
    cpu: [x64]
    os: [android]

  '@esbuild/darwin-arm64@0.28.1':
    resolution: {integrity: sha512-TZbWkQY7kvTAXbXUT7uVACR5cMHsDiSz9z7ZKAX/RTq/WJEk3QyRr0wZpNhBDX+/0CtdqUIJlOiodQcta6tY3Q==}
    engines: {node: '>=18'}
    cpu: [arm64]
    os: [darwin]

  '@esbuild/darwin-x64@0.28.1':
    resolution: {integrity: sha512-zfdzgK9ACBNZLI/CyHTOx81SyNbM6YXn7rxSgX97VjyiPl9W1i4Ka4fgKECEoFCKGpvBj5qArWIGgQjOwkgskQ==}
    engines: {node: '>=18'}
    cpu: [x64]
    os: [darwin]

  '@esbuild/freebsd-arm64@0.28.1':
    resolution: {integrity: sha512-wG2EA8ENdEI0qhkSZMjfqrdY+ziCYCPMmtZjjIwOmXFjmyzEHn+UUxk5of+SYsjtfs3VpnlC7QLzSI5hY/rOAw==}
    engines: {node: '>=18'}
    cpu: [arm64]
    os: [freebsd]

  '@esbuild/freebsd-x64@0.28.1':
    resolution: {integrity: sha512-i7dZ9vQgnvSCzi/rYCXNgtF/U+eKZNJBzu3eTQbRgHnM7tNSizLOkRFAl3qzVc/Op/u5YkHHa4pf/3DOYHthLQ==}
    engines: {node: '>=18'}
    cpu: [x64]
    os: [freebsd]

  '@esbuild/linux-arm64@0.28.1':
    resolution: {integrity: sha512-yHs+0uc8+nvEAfAfxrWQKK5peSNzBc4PegcMO0EJ2hT71uA7vB8Ihg2e77R2P7SG5uYjPbHlLLmve4LLLRCf0g==}
    engines: {node: '>=18'}
    cpu: [arm64]
    os: [linux]

  '@esbuild/linux-arm@0.28.1':
    resolution: {integrity: sha512-qVXBOHQS+d5Y722GwJzJUtOLlX7km3CraOaGormF1pDtPd2C/l1SHRPgjLunLGe51Sh5YYWKMFDyV4SxgMQYTQ==}
    engines: {node: '>=18'}
    cpu: [arm]
    os: [linux]

  '@esbuild/linux-ia32@0.28.1':
    resolution: {integrity: sha512-d1z4ZuP0ajrfz/FhGT4vv278rX8KnPPJx8i5+AtK7TYbx9Le9F1hyzurZpkEyjkGa9dUGhQow4C1NmeGvqxN2w==}
    engines: {node: '>=18'}
    cpu: [ia32]
    os: [linux]

  '@esbuild/linux-loong64@0.28.1':
    resolution: {integrity: sha512-M5sRjUVZrkm1OAPR3dlOYzNmN+loZKGVi1VUQGrwuqLcbR6qeAz+famMhjASeH3YVKvZz+zT1jlh/keC3Rj/lg==}
    engines: {node: '>=18'}
    cpu: [loong64]
    os: [linux]

  '@esbuild/linux-mips64el@0.28.1':
    resolution: {integrity: sha512-mRObBZeHh2OxcBFPWE/FjylkRgZdYuiTR3vaTozquCGOH14iP9oN4x4Ge81CoIDYQrXmIxpFumJBu5MtZpnQJQ==}
    engines: {node: '>=18'}
    cpu: [mips64el]
    os: [linux]

  '@esbuild/linux-ppc64@0.28.1':
    resolution: {integrity: sha512-slScBsMAb3GFDcdrCgLwZtPYRoH2H/youv10QiZyRjmsP48fznoveWytSgCI/R0ZcUgpc0ZhIUEx6LHts8yrfQ==}
    engines: {node: '>=18'}
    cpu: [ppc64]
    os: [linux]

  '@esbuild/linux-riscv64@0.28.1':
    resolution: {integrity: sha512-kw0owk1o0GFETUJyW0jc0G4Yzs0BHZn0JDZ8JRT088vjJYX777BAs1fDGxAC+q831qOs2DTC96mNsG2opdfyyQ==}
    engines: {node: '>=18'}
    cpu: [riscv64]
    os: [linux]

  '@esbuild/linux-s390x@0.28.1':
    resolution: {integrity: sha512-/lAIjX8aYFRByhh6L5rYtPEDRqa9de/4V/juOXcta5frjvzXO4/sqEtyytse0g3zZFuWu5cDN0MkLz2qRDD2Ag==}
    engines: {node: '>=18'}
    cpu: [s390x]
    os: [linux]

  '@esbuild/linux-x64@0.28.1':
    resolution: {integrity: sha512-u/anNYF2mmVOEDwLtnQ1wOr3EZ9sTNGLWrsYGYwHWzGA3Si84IOkHXlbWTD1NB+9/1lcnweYKO54uhxZydNzfA==}
    engines: {node: '>=18'}
    cpu: [x64]
    os: [linux]

  '@esbuild/netbsd-arm64@0.28.1':
    resolution: {integrity: sha512-oks0DYbLwWMmaakTsCb+zL4E+aHRVLom9IJZOAthMQEPiQmydXHkziYEsGYRx0uNV/IjEKGAV941JzH02pflqw==}
    engines: {node: '>=18'}
    cpu: [arm64]
    os: [netbsd]

  '@esbuild/netbsd-x64@0.28.1':
    resolution: {integrity: sha512-aeL6lAnN89Hz43Mlh1G8ARasbuoYvSITDEx0tHh5b7jJnHcssqgjy9Yx430GDpmCa6OyrKoS0aNRjKundRizGg==}
    engines: {node: '>=18'}
    cpu: [x64]
    os: [netbsd]

  '@esbuild/openbsd-arm64@0.28.1':
    resolution: {integrity: sha512-MEFJe5C3R8pwXdZ5Y21oo6m7ePiS0d9pWucn99O/wvyJZChoIQKrQDxKrGeW8F5+T0okTHesAmDeiHDTIq0V/Q==}
    engines: {node: '>=18'}
    cpu: [arm64]
    os: [openbsd]

  '@esbuild/openbsd-x64@0.28.1':
    resolution: {integrity: sha512-i/ZLIOafE0Z8cI/XANJAixoJL/uRAoS2xOA3rb0xN+KK0K177cMAsQYkzHtBrtMXAKuAc7HGgcWiZ/sRC1Nxgw==}
    engines: {node: '>=18'}
    cpu: [x64]
    os: [openbsd]

  '@esbuild/openharmony-arm64@0.28.1':
    resolution: {integrity: sha512-ge+Z7EXFNt2BO1oAMsVpiQ8EwndV9i1xXerAeTIK7AtPs3bKFXQM7nlRxDSIUIMeueR1CNXxqztLzdNeReKBJg==}
    engines: {node: '>=18'}
    cpu: [arm64]
    os: [openharmony]

  '@esbuild/sunos-x64@0.28.1':
    resolution: {integrity: sha512-BEjgtECkL3vY+SaSQ6nzVfiALUeFxpawyp8Jmf5PtYhf1Ug40N1h/hxlhts+f1FvSvarEigdxS3BlSMI2PJLcQ==}
    engines: {node: '>=18'}
    cpu: [x64]
    os: [sunos]

  '@esbuild/win32-arm64@0.28.1':
    resolution: {integrity: sha512-lCv9eK/H6ZJWbE7bh2nw54CZ9M2nupBxJcTsdk/QQnWkdSjKGuxmmH8/GWrlT1eMmZfn4dGcCjRte397WqfQXA==}
    engines: {node: '>=18'}
    cpu: [arm64]
    os: [win32]

  '@esbuild/win32-ia32@0.28.1':
    resolution: {integrity: sha512-zvb/mB2bSCoJOpoCBgYKKpX6YM6mJBlBUVUtVj41DlZJVEB6/0CKlRYxP5wWl1C1ILiCoAU5wZZ4q1P3qeS6Eg==}
    engines: {node: '>=18'}
    cpu: [ia32]
    os: [win32]

  '@esbuild/win32-x64@0.28.1':
    resolution: {integrity: sha512-bm4Mowrv+GXMlpWX++EcXw/iLyd1o3+bJkC2DkWXYVvgZCqD/bSj9ctZeAMC3cIxgjRVR2Dufaiu4YPxr5gW1A==}
    engines: {node: '>=18'}
    cpu: [x64]
    os: [win32]

  '@grpc/grpc-js@1.14.4':
    resolution: {integrity: sha512-k9Dj3DV/itK9D06Y8f190Qgop7/Ui+D0njFV3LHMPwPT75DpXLQohE9Wmz0QElrJnzsjB7KPWiKJbOl7IPDArQ==}
    engines: {node: '>=12.10.0'}

  '@grpc/proto-loader@0.8.1':
    resolution: {integrity: sha512-wtF6h+DY6M3YaDBPAmvuuA6jV8Sif9MjtOI5euKFWRgCDl5PeDpPsHR9u2l6St5ceY8AZgoNDww5+HvEsXFsGg==}
    engines: {node: '>=6'}
    hasBin: true

  '@js-sdsl/ordered-map@4.4.2':
    resolution: {integrity: sha512-iUKgm52T8HOE/makSxjqoWhe95ZJA1/G1sYsGev2JDKUSS14KAgg1LHb+Ba+IPow0xflbnSkOsZcO08C7w1gYw==}

  '@langfuse/core@5.10.0':
    resolution: {integrity: sha512-XXz1DBEwGMpNXz8DZHFsixqo+3vBkfYpat3oLLldRMuT8ur6OWQ81Kgh5Obh0CZ31adaR4FrLTHh4N9eBXo64A==}
    peerDependencies:
      '@opentelemetry/api': ^1.9.0

  '@langfuse/otel@5.10.0':
    resolution: {integrity: sha512-q1expgCm3QwjWII0PeCJJSyEV5o96FQ4VNzL5hgziWGmCPCd9TrrWxWxHdSY7cpZWddEJCp71zdh1nq0xISOpQ==}
    engines: {node: '>=20'}
    peerDependencies:
      '@opentelemetry/api': ^1.9.0
      '@opentelemetry/core': ^2.0.1
      '@opentelemetry/exporter-trace-otlp-http': '>=0.202.0 <1.0.0'
      '@opentelemetry/sdk-trace-base': ^2.0.1

  '@langfuse/tracing@5.10.0':
    resolution: {integrity: sha512-//S9dcZszmEk2yx+h7eg10mEMswyU7MYLkGIJlO6gUfrXA+3Y5pvNiZNZU3cfDus94OAr16dHQpg3nNFiziZjg==}
    engines: {node: '>=20'}
    peerDependencies:
      '@opentelemetry/api': ^1.9.0

  '@opentelemetry/api-logs@0.203.0':
    resolution: {integrity: sha512-9B9RU0H7Ya1Dx/Rkyc4stuBZSGVQF27WigitInx2QQoj6KUpEFYPKoWjdFTunJYxmXmh17HeBvbMa1EhGyPmqQ==}
    engines: {node: '>=8.0.0'}

  '@opentelemetry/api@1.9.1':
    resolution: {integrity: sha512-gLyJlPHPZYdAk1JENA9LeHejZe1Ti77/pTeFm/nMXmQH/HFZlcS/O2XJB+L8fkbrNSqhdtlvjBVjxwUYanNH5Q==}
    engines: {node: '>=8.0.0'}

  '@opentelemetry/context-async-hooks@2.0.1':
    resolution: {integrity: sha512-XuY23lSI3d4PEqKA+7SLtAgwqIfc6E/E9eAQWLN1vlpC53ybO3o6jW4BsXo1xvz9lYyyWItfQDDLzezER01mCw==}
    engines: {node: ^18.19.0 || >=20.6.0}
    peerDependencies:
      '@opentelemetry/api': '>=1.0.0 <1.10.0'

  '@opentelemetry/core@2.0.1':
    resolution: {integrity: sha512-MaZk9SJIDgo1peKevlbhP6+IwIiNPNmswNL4AF0WaQJLbHXjr9SrZMgS12+iqr9ToV4ZVosCcc0f8Rg67LXjxw==}
    engines: {node: ^18.19.0 || >=20.6.0}
    peerDependencies:
      '@opentelemetry/api': '>=1.0.0 <1.10.0'

  '@opentelemetry/exporter-logs-otlp-grpc@0.203.0':
    resolution: {integrity: sha512-g/2Y2noc/l96zmM+g0LdeuyYKINyBwN6FJySoU15LHPLcMN/1a0wNk2SegwKcxrRdE7Xsm7fkIR5n6XFe3QpPw==}
    engines: {node: ^18.19.0 || >=20.6.0}
    peerDependencies:
      '@opentelemetry/api': ^1.3.0

  '@opentelemetry/exporter-logs-otlp-http@0.203.0':
    resolution: {integrity: sha512-s0hys1ljqlMTbXx2XiplmMJg9wG570Z5lH7wMvrZX6lcODI56sG4HL03jklF63tBeyNwK2RV1/ntXGo3HgG4Qw==}
    engines: {node: ^18.19.0 || >=20.6.0}
    peerDependencies:
      '@opentelemetry/api': ^1.3.0

  '@opentelemetry/exporter-logs-otlp-proto@0.203.0':
    resolution: {integrity: sha512-nl/7S91MXn5R1aIzoWtMKGvqxgJgepB/sH9qW0rZvZtabnsjbf8OQ1uSx3yogtvLr0GzwD596nQKz2fV7q2RBw==}
    engines: {node: ^18.19.0 || >=20.6.0}
    peerDependencies:
      '@opentelemetry/api': ^1.3.0

  '@opentelemetry/exporter-metrics-otlp-grpc@0.203.0':
    resolution: {integrity: sha512-FCCj9nVZpumPQSEI57jRAA89hQQgONuoC35Lt+rayWY/mzCAc6BQT7RFyFaZKJ2B7IQ8kYjOCPsF/HGFWjdQkQ==}
    engines: {node: ^18.19.0 || >=20.6.0}
    peerDependencies:
      '@opentelemetry/api': ^1.3.0

  '@opentelemetry/exporter-metrics-otlp-http@0.203.0':
    resolution: {integrity: sha512-HFSW10y8lY6BTZecGNpV3GpoSy7eaO0Z6GATwZasnT4bEsILp8UJXNG5OmEsz4SdwCSYvyCbTJdNbZP3/8LGCQ==}
    engines: {node: ^18.19.0 || >=20.6.0}
    peerDependencies:
      '@opentelemetry/api': ^1.3.0

  '@opentelemetry/exporter-metrics-otlp-proto@0.203.0':
    resolution: {integrity: sha512-OZnhyd9npU7QbyuHXFEPVm3LnjZYifuKpT3kTnF84mXeEQ84pJJZgyLBpU4FSkSwUkt/zbMyNAI7y5+jYTWGIg==}
    engines: {node: ^18.19.0 || >=20.6.0}
    peerDependencies:
      '@opentelemetry/api': ^1.3.0

  '@opentelemetry/exporter-prometheus@0.203.0':
    resolution: {integrity: sha512-2jLuNuw5m4sUj/SncDf/mFPabUxMZmmYetx5RKIMIQyPnl6G6ooFzfeE8aXNRf8YD1ZXNlCnRPcISxjveGJHNg==}
    engines: {node: ^18.19.0 || >=20.6.0}
    peerDependencies:
      '@opentelemetry/api': ^1.3.0

  '@opentelemetry/exporter-trace-otlp-grpc@0.203.0':
    resolution: {integrity: sha512-322coOTf81bm6cAA8+ML6A+m4r2xTCdmAZzGNTboPXRzhwPt4JEmovsFAs+grpdarObd68msOJ9FfH3jxM6wqA==}
    engines: {node: ^18.19.0 || >=20.6.0}
    peerDependencies:
      '@opentelemetry/api': ^1.3.0

  '@opentelemetry/exporter-trace-otlp-http@0.203.0':
    resolution: {integrity: sha512-ZDiaswNYo0yq/cy1bBLJFe691izEJ6IgNmkjm4C6kE9ub/OMQqDXORx2D2j8fzTBTxONyzusbaZlqtfmyqURPw==}
    engines: {node: ^18.19.0 || >=20.6.0}
    peerDependencies:
      '@opentelemetry/api': ^1.3.0

  '@opentelemetry/exporter-trace-otlp-proto@0.203.0':
    resolution: {integrity: sha512-1xwNTJ86L0aJmWRwENCJlH4LULMG2sOXWIVw+Szta4fkqKVY50Eo4HoVKKq6U9QEytrWCr8+zjw0q/ZOeXpcAQ==}
    engines: {node: ^18.19.0 || >=20.6.0}
    peerDependencies:
      '@opentelemetry/api': ^1.3.0

  '@opentelemetry/exporter-zipkin@2.0.1':
    resolution: {integrity: sha512-a9eeyHIipfdxzCfc2XPrE+/TI3wmrZUDFtG2RRXHSbZZULAny7SyybSvaDvS77a7iib5MPiAvluwVvbGTsHxsw==}
    engines: {node: ^18.19.0 || >=20.6.0}
    peerDependencies:
      '@opentelemetry/api': ^1.0.0

  '@opentelemetry/instrumentation@0.203.0':
    resolution: {integrity: sha512-ke1qyM+3AK2zPuBPb6Hk/GCsc5ewbLvPNkEuELx/JmANeEp6ZjnZ+wypPAJSucTw0wvCGrUaibDSdcrGFoWxKQ==}
    engines: {node: ^18.19.0 || >=20.6.0}
    peerDependencies:
      '@opentelemetry/api': ^1.3.0

  '@opentelemetry/otlp-exporter-base@0.203.0':
    resolution: {integrity: sha512-Wbxf7k+87KyvxFr5D7uOiSq/vHXWommvdnNE7vECO3tAhsA2GfOlpWINCMWUEPdHZ7tCXxw6Epp3vgx3jU7llQ==}
    engines: {node: ^18.19.0 || >=20.6.0}
    peerDependencies:
      '@opentelemetry/api': ^1.3.0

  '@opentelemetry/otlp-grpc-exporter-base@0.203.0':
    resolution: {integrity: sha512-te0Ze1ueJF+N/UOFl5jElJW4U0pZXQ8QklgSfJ2linHN0JJsuaHG8IabEUi2iqxY8ZBDlSiz1Trfv5JcjWWWwQ==}
    engines: {node: ^18.19.0 || >=20.6.0}
    peerDependencies:
      '@opentelemetry/api': ^1.3.0

  '@opentelemetry/otlp-transformer@0.203.0':
    resolution: {integrity: sha512-Y8I6GgoCna0qDQ2W6GCRtaF24SnvqvA8OfeTi7fqigD23u8Jpb4R5KFv/pRvrlGagcCLICMIyh9wiejp4TXu/A==}
    engines: {node: ^18.19.0 || >=20.6.0}
    peerDependencies:
      '@opentelemetry/api': ^1.3.0

  '@opentelemetry/propagator-b3@2.0.1':
    resolution: {integrity: sha512-Hc09CaQ8Tf5AGLmf449H726uRoBNGPBL4bjr7AnnUpzWMvhdn61F78z9qb6IqB737TffBsokGAK1XykFEZ1igw==}
    engines: {node: ^18.19.0 || >=20.6.0}
    peerDependencies:
      '@opentelemetry/api': '>=1.0.0 <1.10.0'

  '@opentelemetry/propagator-jaeger@2.0.1':
    resolution: {integrity: sha512-7PMdPBmGVH2eQNb/AtSJizQNgeNTfh6jQFqys6lfhd6P4r+m/nTh3gKPPpaCXVdRQ+z93vfKk+4UGty390283w==}
    engines: {node: ^18.19.0 || >=20.6.0}
    peerDependencies:
      '@opentelemetry/api': '>=1.0.0 <1.10.0'

  '@opentelemetry/resources@2.0.1':
    resolution: {integrity: sha512-dZOB3R6zvBwDKnHDTB4X1xtMArB/d324VsbiPkX/Yu0Q8T2xceRthoIVFhJdvgVM2QhGVUyX9tzwiNxGtoBJUw==}
    engines: {node: ^18.19.0 || >=20.6.0}
    peerDependencies:
      '@opentelemetry/api': '>=1.3.0 <1.10.0'

  '@opentelemetry/sdk-logs@0.203.0':
    resolution: {integrity: sha512-vM2+rPq0Vi3nYA5akQD2f3QwossDnTDLvKbea6u/A2NZ3XDkPxMfo/PNrDoXhDUD/0pPo2CdH5ce/thn9K0kLw==}
    engines: {node: ^18.19.0 || >=20.6.0}
    peerDependencies:
      '@opentelemetry/api': '>=1.4.0 <1.10.0'

  '@opentelemetry/sdk-metrics@2.0.1':
    resolution: {integrity: sha512-wf8OaJoSnujMAHWR3g+/hGvNcsC16rf9s1So4JlMiFaFHiE4HpIA3oUh+uWZQ7CNuK8gVW/pQSkgoa5HkkOl0g==}
    engines: {node: ^18.19.0 || >=20.6.0}
    peerDependencies:
      '@opentelemetry/api': '>=1.9.0 <1.10.0'

  '@opentelemetry/sdk-node@0.203.0':
    resolution: {integrity: sha512-zRMvrZGhGVMvAbbjiNQW3eKzW/073dlrSiAKPVWmkoQzah9wfynpVPeL55f9fVIm0GaBxTLcPeukWGy0/Wj7KQ==}
    engines: {node: ^18.19.0 || >=20.6.0}
    peerDependencies:
      '@opentelemetry/api': '>=1.3.0 <1.10.0'

  '@opentelemetry/sdk-trace-base@2.0.1':
    resolution: {integrity: sha512-xYLlvk/xdScGx1aEqvxLwf6sXQLXCjk3/1SQT9X9AoN5rXRhkdvIFShuNNmtTEPRBqcsMbS4p/gJLNI2wXaDuQ==}
    engines: {node: ^18.19.0 || >=20.6.0}
    peerDependencies:
      '@opentelemetry/api': '>=1.3.0 <1.10.0'

  '@opentelemetry/sdk-trace-node@2.0.1':
    resolution: {integrity: sha512-UhdbPF19pMpBtCWYP5lHbTogLWx9N0EBxtdagvkn5YtsAnCBZzL7SjktG+ZmupRgifsHMjwUaCCaVmqGfSADmA==}
    engines: {node: ^18.19.0 || >=20.6.0}
    peerDependencies:
      '@opentelemetry/api': '>=1.0.0 <1.10.0'

  '@opentelemetry/semantic-conventions@1.43.0':
    resolution: {integrity: sha512-eSYWTm620tTk45EKSedaUL8MFYI8hW164hIXsgIHyxu3VobUB3fFCu5t0hQby6OoWRPsG1KkKUG2M5UadiLiVg==}
    engines: {node: '>=14'}

  '@protobufjs/aspromise@1.1.2':
    resolution: {integrity: sha512-j+gKExEuLmKwvz3OgROXtrJ2UG2x8Ch2YZUxahh+s1F2HZ+wAceUNLkvy6zKCPVRkU++ZWQrdxsUeQXmcg4uoQ==}

  '@protobufjs/base64@1.1.2':
    resolution: {integrity: sha512-AZkcAA5vnN/v4PDqKyMR5lx7hZttPDgClv83E//FMNhR2TMcLUhfRUBHCmSl0oi9zMgDDqRUJkSxO3wm85+XLg==}

  '@protobufjs/codegen@2.0.5':
    resolution: {integrity: sha512-zgXFLzW3Ap33e6d0Wlj4MGIm6Ce8O89n/apUaGNB/jx+hw+ruWEp7EwGUshdLKVRCxZW12fp9r40E1mQrf/34g==}

  '@protobufjs/eventemitter@1.1.1':
    resolution: {integrity: sha512-vW1GmwMZNnL+gMRaovlh9yZX74kc+TTU3FObkkurpMaRtBfLP3ldjS9KQWlwZgraRE0+dheEEoAxdzcJQ8eXZg==}

  '@protobufjs/fetch@1.1.1':
    resolution: {integrity: sha512-GpptLrs57adMSuHi3VNj0mAF8dwh36LMaYF6XyJ6JMWlVsc+t42tm1HSEDmOs3A8fC9yyeisgLhsTVQokOZ0zw==}

  '@protobufjs/float@1.0.2':
    resolution: {integrity: sha512-Ddb+kVXlXst9d+R9PfTIxh1EdNkgoRe5tOX6t01f1lYWOvJnSPDBlG241QLzcyPdoNTsblLUdujGSE4RzrTZGQ==}

  '@protobufjs/path@1.1.2':
    resolution: {integrity: sha512-6JOcJ5Tm08dOHAbdR3GrvP+yUUfkjG5ePsHYczMFLq3ZmMkAD98cDgcT2iA1lJ9NVwFd4tH/iSSoe44YWkltEA==}

  '@protobufjs/pool@1.1.0':
    resolution: {integrity: sha512-0kELaGSIDBKvcgS4zkjz1PeddatrjYcmMWOlAuAPwAeccUrPHdUqo/J6LiymHHEiJT5NrF1UVwxY14f+fy4WQw==}

  '@protobufjs/utf8@1.1.2':
    resolution: {integrity: sha512-b1UQwcEZ4yCnMCD8DAL1VlbvBJE9/IX4FTIp7BG1xYpf29SLazLSrqUkj4w7Y5y7cCVP6E5tcqqcI0xemPkHug==}

  '@types/node@22.20.1':
    resolution: {integrity: sha512-EANqOCF9QFyra+4pfxUcX9STKJpCLjMbObVzljIJomAWSnuSIEAvyzEU53GaajbXJEgdh0iEcPL+DGvpUd4k1Q==}

  acorn-import-attributes@1.9.5:
    resolution: {integrity: sha512-n02Vykv5uA3eHGM/Z2dQrcD56kL8TyDb2p1+0P83PClMnC/nc+anbQRhIOWnSq4Ke/KvDPrY3C9hDtC/A3eHnQ==}
    peerDependencies:
      acorn: ^8

  acorn@8.18.0:
    resolution: {integrity: sha512-lGq+9yr1/GuAWaVYIHRjvvySG5/4VfKIvC8EWxStPdcDh/Ka7FG3twP6v4d5BkravUilhIAsG4Qj83t02LWUPQ==}
    engines: {node: '>=0.4.0'}
    hasBin: true

  ansi-regex@5.0.1:
    resolution: {integrity: sha512-quJQXlTSUGL2LH9SUXo8VwsY4soanhgo6LNSm84E1LBcE8s3O0wpdiRzyR9z/ZZJMlMWv37qOOb9pdJlMUEKFQ==}
    engines: {node: '>=8'}

  ansi-styles@4.3.0:
    resolution: {integrity: sha512-zbB9rCJAT1rbjiVDb2hqKFHNYLxgtk8NURxZ3IZwD3F6NtxbXZQCnnSi1Lkx+IDohdPlFp222wVALIheZJQSEg==}
    engines: {node: '>=8'}

  cjs-module-lexer@1.4.3:
    resolution: {integrity: sha512-9z8TZaGM1pfswYeXrUpzPrkx8UnWYdhJclsiYMm6x/w5+nN+8Tf/LnAgfLGQCm59qAOxU8WwHEq2vNwF6i4j+Q==}

  cliui@8.0.1:
    resolution: {integrity: sha512-BSeNnyus75C4//NQ9gQt1/csTXyo/8Sb+afLAkzAptFuMsod9HFokGNudZpi/oQV73hnVK+sR+5PVRMd+Dr7YQ==}
    engines: {node: '>=12'}

  color-convert@2.0.1:
    resolution: {integrity: sha512-RRECPsj7iu/xb5oKYcsFHSppFNnsj/52OVTRKb4zP5onXwVF3zVmmToNcOfGC+CRDpfK/U584fMg38ZHCaElKQ==}
    engines: {node: '>=7.0.0'}

  color-name@1.1.4:
    resolution: {integrity: sha512-dOy+3AuW3a2wNbZHIuMZpTcgjGuLU/uBL/ubcZF9OXbDo8ff4O8yVp5Bf0efS8uEoYo5q4Fx7dY9OgQGXgAsQA==}

  debug@4.4.3:
    resolution: {integrity: sha512-RGwwWnwQvkVfavKVt22FGLw+xYSdzARwm0ru6DhTVA3umU5hZc28V3kO4stgYryrTlLpuvgI9GiijltAjNbcqA==}
    engines: {node: '>=6.0'}
    peerDependencies:
      supports-color: '*'
    peerDependenciesMeta:
      supports-color:
        optional: true

  dotenv@17.4.2:
    resolution: {integrity: sha512-nI4U3TottKAcAD9LLud4Cb7b2QztQMUEfHbvhTH09bqXTxnSie8WnjPALV/WMCrJZ6UV/qHJ6L03OqO3LcdYZw==}
    engines: {node: '>=12'}

  emoji-regex@8.0.0:
    resolution: {integrity: sha512-MSjYzcWNOA0ewAHpz0MxpYFvwg6yjy1NG3xteoqz644VCo/RPgnr1/GGt+ic3iJTzQ8Eu3TdM14SawnVUmGE6A==}

  es-errors@1.3.0:
    resolution: {integrity: sha512-Zf5H2Kxt2xjTvbJvP2ZWLEICxA6j+hAmMzIlypy4xcBg1vKVnx89Wy0GbS+kf5cwCVFFzdCFh2XSCFNULS6csw==}
    engines: {node: '>= 0.4'}

  esbuild@0.28.1:
    resolution: {integrity: sha512-HrJrvZv5ayxBzPfwphOoNzkzOIIlifzk0KJrGK2c8R4+LKpMtpYLQeUdjnwjWv/LZlkH2laZk+4w78pi99D4Vw==}
    engines: {node: '>=18'}
    hasBin: true

  escalade@3.2.0:
    resolution: {integrity: sha512-WUj2qlxaQtO4g6Pq5c29GTcWGDyd8itL8zTlipgECz3JesAiiOKotd8JU6otB3PACgG6xkJUyVhboMS+bje/jA==}
    engines: {node: '>=6'}

  fsevents@2.3.3:
    resolution: {integrity: sha512-5xoDfX+fL7faATnagmWPpbFtwh/R77WmMMqqHGS65C3vvB0YHrgF+B1YmZ3441tMj5n63k0212XNoJwzlhffQw==}
    engines: {node: ^8.16.0 || ^10.6.0 || >=11.0.0}
    os: [darwin]

  function-bind@1.1.2:
    resolution: {integrity: sha512-7XHNxH7qX9xG5mIwxkhumTox/MIRNcOgDrxWsMt2pAr23WHp6MrRlN7FBSFpCpr+oVO0F744iUgR82nJMfG2SA==}

  get-caller-file@2.0.5:
    resolution: {integrity: sha512-DyFP3BM/3YHTQOCUL/w0OZHR0lpKeGrxotcHWcqNEdnltqFwXVfhEBQ94eIo34AfQpo0rGki4cyIiftY06h2Fg==}
    engines: {node: 6.* || 8.* || >= 10.*}

  hasown@2.0.4:
    resolution: {integrity: sha512-T2UbfbBEF32wiepXIsMlTW9+dDYC6wMh/t/vYA4tuOMKqWz/n3vr1NFSxQiyP+zk2mXsoMA/i/7qV6LKut1t1A==}
    engines: {node: '>= 0.4'}

  import-in-the-middle@1.15.0:
    resolution: {integrity: sha512-bpQy+CrsRmYmoPMAE/0G33iwRqwW4ouqdRg8jgbH3aKuCtOc8lxgmYXg2dMM92CRiGP660EtBcymH/eVUpCSaA==}

  is-core-module@2.16.2:
    resolution: {integrity: sha512-evOr8xfXKxE6qSR0hSXL2r3sd7ALj8+7jQEUvPYcm5sgZFdJ+AYzT6yNmJenvIYQBgIGwfwz08sL8zoL7yq2BA==}
    engines: {node: '>= 0.4'}

  is-fullwidth-code-point@3.0.0:
    resolution: {integrity: sha512-zymm5+u+sCsSWyD9qNaejV3DFvhCKclKdizYaJUuHA83RLjb7nSuGnddCHGv0hk+KY7BMAlsWeK4Ueg6EV6XQg==}
    engines: {node: '>=8'}

  lodash.camelcase@4.3.0:
    resolution: {integrity: sha512-TwuEnCnxbc3rAvhf/LbG7tJUDzhqXyFnv3dtzLOPgCG/hODL7WFnsbwktkD7yUV0RrreP/l1PALq/YSg6VvjlA==}

  long@5.3.2:
    resolution: {integrity: sha512-mNAgZ1GmyNhD7AuqnTG3/VQ26o760+ZYBPKjPvugO8+nLbYfX6TVpJPseBvopbdY+qpZ/lKUnmEc1LeZYS3QAA==}

  module-details-from-path@1.0.4:
    resolution: {integrity: sha512-EGWKgxALGMgzvxYF1UyGTy0HXX/2vHLkw6+NvDKW2jypWbHpjQuj4UMcqQWXHERJhVGKikolT06G3bcKe4fi7w==}

  ms@2.1.3:
    resolution: {integrity: sha512-6FlzubTLZG3J2a/NVCAleEhjzq5oxgHyaCU9yYXvcLsvoVaHJq/s5xXI6/XXP6tz7R9xAOtHnSO/tXtF3WRTlA==}

  path-parse@1.0.7:
    resolution: {integrity: sha512-LDJzPVEEEPR+y48z93A0Ed0yXb8pAByGWo/k5YYdYgpY2/2EsOsksJrq7lOHxryrVOn1ejG6oAp8ahvOIQD8sw==}

  protobufjs@7.6.5:
    resolution: {integrity: sha512-/FPD0nUc9jH6rfFjji9IBqOz4pcSE3CsT1m7Ep6Mdb0LxSUMj8hgl6GomOvZzpNpAqqGaXA0P3VSrZLFzIhQrw==}
    engines: {node: '>=12.0.0'}

  require-directory@2.1.1:
    resolution: {integrity: sha512-fGxEI7+wsG9xrvdjsrlmL22OMTTiHRwAMroiEeMgq8gzoLC/PQr7RsRDSTLUg/bZAZtF+TVIkHc6/4RIKrui+Q==}
    engines: {node: '>=0.10.0'}

  require-in-the-middle@7.5.2:
    resolution: {integrity: sha512-gAZ+kLqBdHarXB64XpAe2VCjB7rIRv+mU8tfRWziHRJ5umKsIHN2tLLv6EtMw7WCdP19S0ERVMldNvxYCHnhSQ==}
    engines: {node: '>=8.6.0'}

  resolve@1.22.12:
    resolution: {integrity: sha512-TyeJ1zif53BPfHootBGwPRYT1RUt6oGWsaQr8UyZW/eAm9bKoijtvruSDEmZHm92CwS9nj7/fWttqPCgzep8CA==}
    engines: {node: '>= 0.4'}
    hasBin: true

  string-width@4.2.3:
    resolution: {integrity: sha512-wKyQRQpjJ0sIp62ErSZdGsjMJWsap5oRNihHhu6G7JVO/9jIB6UyevL+tXuOqrng8j/cxKTWyWUwvSTriiZz/g==}
    engines: {node: '>=8'}

  strip-ansi@6.0.1:
    resolution: {integrity: sha512-Y38VPSHcqkFrCpFnQ9vuSXmquuv5oXOKpGeT6aGrr3o3Gc9AlVa6JBfUSOCnbxGGZF+/0ooI7KrPuUSztUdU5A==}
    engines: {node: '>=8'}

  supports-preserve-symlinks-flag@1.0.0:
    resolution: {integrity: sha512-ot0WnXS9fgdkgIcePe6RHNk1WA8+muPa6cSjeR3V8K27q9BB1rTE3R1p7Hv0z1ZyAc8s6Vvv8DIyWf681MAt0w==}
    engines: {node: '>= 0.4'}

  tsx@4.23.1:
    resolution: {integrity: sha512-GQHnkIfxyx1wYCOS/wonik5MVRZU9hi1TEZmzGZSCJB1y9YgoZ8H6itNE/u4suE+yLmOzuE4E5S4TZ/ZX2wcWQ==}
    engines: {node: '>=18.0.0'}
    hasBin: true

  typescript@5.9.3:
    resolution: {integrity: sha512-jl1vZzPDinLr9eUt3J/t7V6FgNEw9QjvBPdysz9KfQDD41fQrC2Y4vKQdiaUpFT4bXlb1RHhLpp8wtm6M5TgSw==}
    engines: {node: '>=14.17'}
    hasBin: true

  undici-types@6.21.0:
    resolution: {integrity: sha512-iwDZqg0QAGrg9Rav5H4n0M64c3mkR59cJ6wQp+7C4nI0gsmExaedaYLNO44eT4AtBBwjbTiGPMlt2Md0T9H9JQ==}

  wrap-ansi@7.0.0:
    resolution: {integrity: sha512-YVGIj2kamLSTxw6NsZjoBxfSwsn0ycdesmc4p+Q21c5zPuZ1pl+NfxVdxPtdHvmNVOQ6XSYG4AUtyt/Fi7D16Q==}
    engines: {node: '>=10'}

  y18n@5.0.8:
    resolution: {integrity: sha512-0pfFzegeDWJHJIAmTLRP2DwHjdF5s7jo9tuztdQxAhINCdvS+3nGINqPd00AphqJR/0LhANUS6/+7SCb98YOfA==}
    engines: {node: '>=10'}

  yargs-parser@21.1.1:
    resolution: {integrity: sha512-tVpsJW7DdjecAiFpbIB1e3qxIQsE6NoPc5/eTdrbbIC4h0LVsWhnoa3g+m2HclBIujHzsxZ4VJVA+GUuc2/LBw==}
    engines: {node: '>=12'}

  yargs@17.7.3:
    resolution: {integrity: sha512-GZtjxm/J/4TSxuL3FNYjCmLktBTnIw/rVmKSIyKeYAZpmJB2ig9VauCC5xsa82GNKVKDAqpOn3KVzNt0zmrU0g==}
    engines: {node: '>=12'}

snapshots:

  '@esbuild/aix-ppc64@0.28.1':
    optional: true

  '@esbuild/android-arm64@0.28.1':
    optional: true

  '@esbuild/android-arm@0.28.1':
    optional: true

  '@esbuild/android-x64@0.28.1':
    optional: true

  '@esbuild/darwin-arm64@0.28.1':
    optional: true

  '@esbuild/darwin-x64@0.28.1':
    optional: true

  '@esbuild/freebsd-arm64@0.28.1':
    optional: true

  '@esbuild/freebsd-x64@0.28.1':
    optional: true

  '@esbuild/linux-arm64@0.28.1':
    optional: true

  '@esbuild/linux-arm@0.28.1':
    optional: true

  '@esbuild/linux-ia32@0.28.1':
    optional: true

  '@esbuild/linux-loong64@0.28.1':
    optional: true

  '@esbuild/linux-mips64el@0.28.1':
    optional: true

  '@esbuild/linux-ppc64@0.28.1':
    optional: true

  '@esbuild/linux-riscv64@0.28.1':
    optional: true

  '@esbuild/linux-s390x@0.28.1':
    optional: true

  '@esbuild/linux-x64@0.28.1':
    optional: true

  '@esbuild/netbsd-arm64@0.28.1':
    optional: true

  '@esbuild/netbsd-x64@0.28.1':
    optional: true

  '@esbuild/openbsd-arm64@0.28.1':
    optional: true

  '@esbuild/openbsd-x64@0.28.1':
    optional: true

  '@esbuild/openharmony-arm64@0.28.1':
    optional: true

  '@esbuild/sunos-x64@0.28.1':
    optional: true

  '@esbuild/win32-arm64@0.28.1':
    optional: true

  '@esbuild/win32-ia32@0.28.1':
    optional: true

  '@esbuild/win32-x64@0.28.1':
    optional: true

  '@grpc/grpc-js@1.14.4':
    dependencies:
      '@grpc/proto-loader': 0.8.1
      '@js-sdsl/ordered-map': 4.4.2

  '@grpc/proto-loader@0.8.1':
    dependencies:
      lodash.camelcase: 4.3.0
      long: 5.3.2
      protobufjs: 7.6.5
      yargs: 17.7.3

  '@js-sdsl/ordered-map@4.4.2': {}

  '@langfuse/core@5.10.0(@opentelemetry/api@1.9.1)':
    dependencies:
      '@opentelemetry/api': 1.9.1

  '@langfuse/otel@5.10.0(@opentelemetry/api@1.9.1)(@opentelemetry/core@2.0.1(@opentelemetry/api@1.9.1))(@opentelemetry/exporter-trace-otlp-http@0.203.0(@opentelemetry/api@1.9.1))(@opentelemetry/sdk-trace-base@2.0.1(@opentelemetry/api@1.9.1))':
    dependencies:
      '@langfuse/core': 5.10.0(@opentelemetry/api@1.9.1)
      '@opentelemetry/api': 1.9.1
      '@opentelemetry/core': 2.0.1(@opentelemetry/api@1.9.1)
      '@opentelemetry/exporter-trace-otlp-http': 0.203.0(@opentelemetry/api@1.9.1)
      '@opentelemetry/sdk-trace-base': 2.0.1(@opentelemetry/api@1.9.1)

  '@langfuse/tracing@5.10.0(@opentelemetry/api@1.9.1)':
    dependencies:
      '@langfuse/core': 5.10.0(@opentelemetry/api@1.9.1)
      '@opentelemetry/api': 1.9.1

  '@opentelemetry/api-logs@0.203.0':
    dependencies:
      '@opentelemetry/api': 1.9.1

  '@opentelemetry/api@1.9.1': {}

  '@opentelemetry/context-async-hooks@2.0.1(@opentelemetry/api@1.9.1)':
    dependencies:
      '@opentelemetry/api': 1.9.1

  '@opentelemetry/core@2.0.1(@opentelemetry/api@1.9.1)':
    dependencies:
      '@opentelemetry/api': 1.9.1
      '@opentelemetry/semantic-conventions': 1.43.0

  '@opentelemetry/exporter-logs-otlp-grpc@0.203.0(@opentelemetry/api@1.9.1)':
    dependencies:
      '@grpc/grpc-js': 1.14.4
      '@opentelemetry/api': 1.9.1
      '@opentelemetry/core': 2.0.1(@opentelemetry/api@1.9.1)
      '@opentelemetry/otlp-exporter-base': 0.203.0(@opentelemetry/api@1.9.1)
      '@opentelemetry/otlp-grpc-exporter-base': 0.203.0(@opentelemetry/api@1.9.1)
      '@opentelemetry/otlp-transformer': 0.203.0(@opentelemetry/api@1.9.1)
      '@opentelemetry/sdk-logs': 0.203.0(@opentelemetry/api@1.9.1)

  '@opentelemetry/exporter-logs-otlp-http@0.203.0(@opentelemetry/api@1.9.1)':
    dependencies:
      '@opentelemetry/api': 1.9.1
      '@opentelemetry/api-logs': 0.203.0
      '@opentelemetry/core': 2.0.1(@opentelemetry/api@1.9.1)
      '@opentelemetry/otlp-exporter-base': 0.203.0(@opentelemetry/api@1.9.1)
      '@opentelemetry/otlp-transformer': 0.203.0(@opentelemetry/api@1.9.1)
      '@opentelemetry/sdk-logs': 0.203.0(@opentelemetry/api@1.9.1)

  '@opentelemetry/exporter-logs-otlp-proto@0.203.0(@opentelemetry/api@1.9.1)':
    dependencies:
      '@opentelemetry/api': 1.9.1
      '@opentelemetry/api-logs': 0.203.0
      '@opentelemetry/core': 2.0.1(@opentelemetry/api@1.9.1)
      '@opentelemetry/otlp-exporter-base': 0.203.0(@opentelemetry/api@1.9.1)
      '@opentelemetry/otlp-transformer': 0.203.0(@opentelemetry/api@1.9.1)
      '@opentelemetry/resources': 2.0.1(@opentelemetry/api@1.9.1)
      '@opentelemetry/sdk-logs': 0.203.0(@opentelemetry/api@1.9.1)
      '@opentelemetry/sdk-trace-base': 2.0.1(@opentelemetry/api@1.9.1)

  '@opentelemetry/exporter-metrics-otlp-grpc@0.203.0(@opentelemetry/api@1.9.1)':
    dependencies:
      '@grpc/grpc-js': 1.14.4
      '@opentelemetry/api': 1.9.1
      '@opentelemetry/core': 2.0.1(@opentelemetry/api@1.9.1)
      '@opentelemetry/exporter-metrics-otlp-http': 0.203.0(@opentelemetry/api@1.9.1)
      '@opentelemetry/otlp-exporter-base': 0.203.0(@opentelemetry/api@1.9.1)
      '@opentelemetry/otlp-grpc-exporter-base': 0.203.0(@opentelemetry/api@1.9.1)
      '@opentelemetry/otlp-transformer': 0.203.0(@opentelemetry/api@1.9.1)
      '@opentelemetry/resources': 2.0.1(@opentelemetry/api@1.9.1)
      '@opentelemetry/sdk-metrics': 2.0.1(@opentelemetry/api@1.9.1)

  '@opentelemetry/exporter-metrics-otlp-http@0.203.0(@opentelemetry/api@1.9.1)':
    dependencies:
      '@opentelemetry/api': 1.9.1
      '@opentelemetry/core': 2.0.1(@opentelemetry/api@1.9.1)
      '@opentelemetry/otlp-exporter-base': 0.203.0(@opentelemetry/api@1.9.1)
      '@opentelemetry/otlp-transformer': 0.203.0(@opentelemetry/api@1.9.1)
      '@opentelemetry/resources': 2.0.1(@opentelemetry/api@1.9.1)
      '@opentelemetry/sdk-metrics': 2.0.1(@opentelemetry/api@1.9.1)

  '@opentelemetry/exporter-metrics-otlp-proto@0.203.0(@opentelemetry/api@1.9.1)':
    dependencies:
      '@opentelemetry/api': 1.9.1
      '@opentelemetry/core': 2.0.1(@opentelemetry/api@1.9.1)
      '@opentelemetry/exporter-metrics-otlp-http': 0.203.0(@opentelemetry/api@1.9.1)
      '@opentelemetry/otlp-exporter-base': 0.203.0(@opentelemetry/api@1.9.1)
      '@opentelemetry/otlp-transformer': 0.203.0(@opentelemetry/api@1.9.1)
      '@opentelemetry/resources': 2.0.1(@opentelemetry/api@1.9.1)
      '@opentelemetry/sdk-metrics': 2.0.1(@opentelemetry/api@1.9.1)

  '@opentelemetry/exporter-prometheus@0.203.0(@opentelemetry/api@1.9.1)':
    dependencies:
      '@opentelemetry/api': 1.9.1
      '@opentelemetry/core': 2.0.1(@opentelemetry/api@1.9.1)
      '@opentelemetry/resources': 2.0.1(@opentelemetry/api@1.9.1)
      '@opentelemetry/sdk-metrics': 2.0.1(@opentelemetry/api@1.9.1)

  '@opentelemetry/exporter-trace-otlp-grpc@0.203.0(@opentelemetry/api@1.9.1)':
    dependencies:
      '@grpc/grpc-js': 1.14.4
      '@opentelemetry/api': 1.9.1
      '@opentelemetry/core': 2.0.1(@opentelemetry/api@1.9.1)
      '@opentelemetry/otlp-exporter-base': 0.203.0(@opentelemetry/api@1.9.1)
      '@opentelemetry/otlp-grpc-exporter-base': 0.203.0(@opentelemetry/api@1.9.1)
      '@opentelemetry/otlp-transformer': 0.203.0(@opentelemetry/api@1.9.1)
      '@opentelemetry/resources': 2.0.1(@opentelemetry/api@1.9.1)
      '@opentelemetry/sdk-trace-base': 2.0.1(@opentelemetry/api@1.9.1)

  '@opentelemetry/exporter-trace-otlp-http@0.203.0(@opentelemetry/api@1.9.1)':
    dependencies:
      '@opentelemetry/api': 1.9.1
      '@opentelemetry/core': 2.0.1(@opentelemetry/api@1.9.1)
      '@opentelemetry/otlp-exporter-base': 0.203.0(@opentelemetry/api@1.9.1)
      '@opentelemetry/otlp-transformer': 0.203.0(@opentelemetry/api@1.9.1)
      '@opentelemetry/resources': 2.0.1(@opentelemetry/api@1.9.1)
      '@opentelemetry/sdk-trace-base': 2.0.1(@opentelemetry/api@1.9.1)

  '@opentelemetry/exporter-trace-otlp-proto@0.203.0(@opentelemetry/api@1.9.1)':
    dependencies:
      '@opentelemetry/api': 1.9.1
      '@opentelemetry/core': 2.0.1(@opentelemetry/api@1.9.1)
      '@opentelemetry/otlp-exporter-base': 0.203.0(@opentelemetry/api@1.9.1)
      '@opentelemetry/otlp-transformer': 0.203.0(@opentelemetry/api@1.9.1)
      '@opentelemetry/resources': 2.0.1(@opentelemetry/api@1.9.1)
      '@opentelemetry/sdk-trace-base': 2.0.1(@opentelemetry/api@1.9.1)

  '@opentelemetry/exporter-zipkin@2.0.1(@opentelemetry/api@1.9.1)':
    dependencies:
      '@opentelemetry/api': 1.9.1
      '@opentelemetry/core': 2.0.1(@opentelemetry/api@1.9.1)
      '@opentelemetry/resources': 2.0.1(@opentelemetry/api@1.9.1)
      '@opentelemetry/sdk-trace-base': 2.0.1(@opentelemetry/api@1.9.1)
      '@opentelemetry/semantic-conventions': 1.43.0

  '@opentelemetry/instrumentation@0.203.0(@opentelemetry/api@1.9.1)':
    dependencies:
      '@opentelemetry/api': 1.9.1
      '@opentelemetry/api-logs': 0.203.0
      import-in-the-middle: 1.15.0
      require-in-the-middle: 7.5.2
    transitivePeerDependencies:
      - supports-color

  '@opentelemetry/otlp-exporter-base@0.203.0(@opentelemetry/api@1.9.1)':
    dependencies:
      '@opentelemetry/api': 1.9.1
      '@opentelemetry/core': 2.0.1(@opentelemetry/api@1.9.1)
      '@opentelemetry/otlp-transformer': 0.203.0(@opentelemetry/api@1.9.1)

  '@opentelemetry/otlp-grpc-exporter-base@0.203.0(@opentelemetry/api@1.9.1)':
    dependencies:
      '@grpc/grpc-js': 1.14.4
      '@opentelemetry/api': 1.9.1
      '@opentelemetry/core': 2.0.1(@opentelemetry/api@1.9.1)
      '@opentelemetry/otlp-exporter-base': 0.203.0(@opentelemetry/api@1.9.1)
      '@opentelemetry/otlp-transformer': 0.203.0(@opentelemetry/api@1.9.1)

  '@opentelemetry/otlp-transformer@0.203.0(@opentelemetry/api@1.9.1)':
    dependencies:
      '@opentelemetry/api': 1.9.1
      '@opentelemetry/api-logs': 0.203.0
      '@opentelemetry/core': 2.0.1(@opentelemetry/api@1.9.1)
      '@opentelemetry/resources': 2.0.1(@opentelemetry/api@1.9.1)
      '@opentelemetry/sdk-logs': 0.203.0(@opentelemetry/api@1.9.1)
      '@opentelemetry/sdk-metrics': 2.0.1(@opentelemetry/api@1.9.1)
      '@opentelemetry/sdk-trace-base': 2.0.1(@opentelemetry/api@1.9.1)
      protobufjs: 7.6.5

  '@opentelemetry/propagator-b3@2.0.1(@opentelemetry/api@1.9.1)':
    dependencies:
      '@opentelemetry/api': 1.9.1
      '@opentelemetry/core': 2.0.1(@opentelemetry/api@1.9.1)

  '@opentelemetry/propagator-jaeger@2.0.1(@opentelemetry/api@1.9.1)':
    dependencies:
      '@opentelemetry/api': 1.9.1
      '@opentelemetry/core': 2.0.1(@opentelemetry/api@1.9.1)

  '@opentelemetry/resources@2.0.1(@opentelemetry/api@1.9.1)':
    dependencies:
      '@opentelemetry/api': 1.9.1
      '@opentelemetry/core': 2.0.1(@opentelemetry/api@1.9.1)
      '@opentelemetry/semantic-conventions': 1.43.0

  '@opentelemetry/sdk-logs@0.203.0(@opentelemetry/api@1.9.1)':
    dependencies:
      '@opentelemetry/api': 1.9.1
      '@opentelemetry/api-logs': 0.203.0
      '@opentelemetry/core': 2.0.1(@opentelemetry/api@1.9.1)
      '@opentelemetry/resources': 2.0.1(@opentelemetry/api@1.9.1)

  '@opentelemetry/sdk-metrics@2.0.1(@opentelemetry/api@1.9.1)':
    dependencies:
      '@opentelemetry/api': 1.9.1
      '@opentelemetry/core': 2.0.1(@opentelemetry/api@1.9.1)
      '@opentelemetry/resources': 2.0.1(@opentelemetry/api@1.9.1)

  '@opentelemetry/sdk-node@0.203.0(@opentelemetry/api@1.9.1)':
    dependencies:
      '@opentelemetry/api': 1.9.1
      '@opentelemetry/api-logs': 0.203.0
      '@opentelemetry/core': 2.0.1(@opentelemetry/api@1.9.1)
      '@opentelemetry/exporter-logs-otlp-grpc': 0.203.0(@opentelemetry/api@1.9.1)
      '@opentelemetry/exporter-logs-otlp-http': 0.203.0(@opentelemetry/api@1.9.1)
      '@opentelemetry/exporter-logs-otlp-proto': 0.203.0(@opentelemetry/api@1.9.1)
      '@opentelemetry/exporter-metrics-otlp-grpc': 0.203.0(@opentelemetry/api@1.9.1)
      '@opentelemetry/exporter-metrics-otlp-http': 0.203.0(@opentelemetry/api@1.9.1)
      '@opentelemetry/exporter-metrics-otlp-proto': 0.203.0(@opentelemetry/api@1.9.1)
      '@opentelemetry/exporter-prometheus': 0.203.0(@opentelemetry/api@1.9.1)
      '@opentelemetry/exporter-trace-otlp-grpc': 0.203.0(@opentelemetry/api@1.9.1)
      '@opentelemetry/exporter-trace-otlp-http': 0.203.0(@opentelemetry/api@1.9.1)
      '@opentelemetry/exporter-trace-otlp-proto': 0.203.0(@opentelemetry/api@1.9.1)
      '@opentelemetry/exporter-zipkin': 2.0.1(@opentelemetry/api@1.9.1)
      '@opentelemetry/instrumentation': 0.203.0(@opentelemetry/api@1.9.1)
      '@opentelemetry/propagator-b3': 2.0.1(@opentelemetry/api@1.9.1)
      '@opentelemetry/propagator-jaeger': 2.0.1(@opentelemetry/api@1.9.1)
      '@opentelemetry/resources': 2.0.1(@opentelemetry/api@1.9.1)
      '@opentelemetry/sdk-logs': 0.203.0(@opentelemetry/api@1.9.1)
      '@opentelemetry/sdk-metrics': 2.0.1(@opentelemetry/api@1.9.1)
      '@opentelemetry/sdk-trace-base': 2.0.1(@opentelemetry/api@1.9.1)
      '@opentelemetry/sdk-trace-node': 2.0.1(@opentelemetry/api@1.9.1)
      '@opentelemetry/semantic-conventions': 1.43.0
    transitivePeerDependencies:
      - supports-color

  '@opentelemetry/sdk-trace-base@2.0.1(@opentelemetry/api@1.9.1)':
    dependencies:
      '@opentelemetry/api': 1.9.1
      '@opentelemetry/core': 2.0.1(@opentelemetry/api@1.9.1)
      '@opentelemetry/resources': 2.0.1(@opentelemetry/api@1.9.1)
      '@opentelemetry/semantic-conventions': 1.43.0

  '@opentelemetry/sdk-trace-node@2.0.1(@opentelemetry/api@1.9.1)':
    dependencies:
      '@opentelemetry/api': 1.9.1
      '@opentelemetry/context-async-hooks': 2.0.1(@opentelemetry/api@1.9.1)
      '@opentelemetry/core': 2.0.1(@opentelemetry/api@1.9.1)
      '@opentelemetry/sdk-trace-base': 2.0.1(@opentelemetry/api@1.9.1)

  '@opentelemetry/semantic-conventions@1.43.0': {}

  '@protobufjs/aspromise@1.1.2': {}

  '@protobufjs/base64@1.1.2': {}

  '@protobufjs/codegen@2.0.5': {}

  '@protobufjs/eventemitter@1.1.1': {}

  '@protobufjs/fetch@1.1.1':
    dependencies:
      '@protobufjs/aspromise': 1.1.2

  '@protobufjs/float@1.0.2': {}

  '@protobufjs/path@1.1.2': {}

  '@protobufjs/pool@1.1.0': {}

  '@protobufjs/utf8@1.1.2': {}

  '@types/node@22.20.1':
    dependencies:
      undici-types: 6.21.0

  acorn-import-attributes@1.9.5(acorn@8.18.0):
    dependencies:
      acorn: 8.18.0

  acorn@8.18.0: {}

  ansi-regex@5.0.1: {}

  ansi-styles@4.3.0:
    dependencies:
      color-convert: 2.0.1

  cjs-module-lexer@1.4.3: {}

  cliui@8.0.1:
    dependencies:
      string-width: 4.2.3
      strip-ansi: 6.0.1
      wrap-ansi: 7.0.0

  color-convert@2.0.1:
    dependencies:
      color-name: 1.1.4

  color-name@1.1.4: {}

  debug@4.4.3:
    dependencies:
      ms: 2.1.3

  dotenv@17.4.2: {}

  emoji-regex@8.0.0: {}

  es-errors@1.3.0: {}

  esbuild@0.28.1:
    optionalDependencies:
      '@esbuild/aix-ppc64': 0.28.1
      '@esbuild/android-arm': 0.28.1
      '@esbuild/android-arm64': 0.28.1
      '@esbuild/android-x64': 0.28.1
      '@esbuild/darwin-arm64': 0.28.1
      '@esbuild/darwin-x64': 0.28.1
      '@esbuild/freebsd-arm64': 0.28.1
      '@esbuild/freebsd-x64': 0.28.1
      '@esbuild/linux-arm': 0.28.1
      '@esbuild/linux-arm64': 0.28.1
      '@esbuild/linux-ia32': 0.28.1
      '@esbuild/linux-loong64': 0.28.1
      '@esbuild/linux-mips64el': 0.28.1
      '@esbuild/linux-ppc64': 0.28.1
      '@esbuild/linux-riscv64': 0.28.1
      '@esbuild/linux-s390x': 0.28.1
      '@esbuild/linux-x64': 0.28.1
      '@esbuild/netbsd-arm64': 0.28.1
      '@esbuild/netbsd-x64': 0.28.1
      '@esbuild/openbsd-arm64': 0.28.1
      '@esbuild/openbsd-x64': 0.28.1
      '@esbuild/openharmony-arm64': 0.28.1
      '@esbuild/sunos-x64': 0.28.1
      '@esbuild/win32-arm64': 0.28.1
      '@esbuild/win32-ia32': 0.28.1
      '@esbuild/win32-x64': 0.28.1

  escalade@3.2.0: {}

  fsevents@2.3.3:
    optional: true

  function-bind@1.1.2: {}

  get-caller-file@2.0.5: {}

  hasown@2.0.4:
    dependencies:
      function-bind: 1.1.2

  import-in-the-middle@1.15.0:
    dependencies:
      acorn: 8.18.0
      acorn-import-attributes: 1.9.5(acorn@8.18.0)
      cjs-module-lexer: 1.4.3
      module-details-from-path: 1.0.4

  is-core-module@2.16.2:
    dependencies:
      hasown: 2.0.4

  is-fullwidth-code-point@3.0.0: {}

  lodash.camelcase@4.3.0: {}

  long@5.3.2: {}

  module-details-from-path@1.0.4: {}

  ms@2.1.3: {}

  path-parse@1.0.7: {}

  protobufjs@7.6.5:
    dependencies:
      '@protobufjs/aspromise': 1.1.2
      '@protobufjs/base64': 1.1.2
      '@protobufjs/codegen': 2.0.5
      '@protobufjs/eventemitter': 1.1.1
      '@protobufjs/fetch': 1.1.1
      '@protobufjs/float': 1.0.2
      '@protobufjs/path': 1.1.2
      '@protobufjs/pool': 1.1.0
      '@protobufjs/utf8': 1.1.2
      '@types/node': 22.20.1
      long: 5.3.2

  require-directory@2.1.1: {}

  require-in-the-middle@7.5.2:
    dependencies:
      debug: 4.4.3
      module-details-from-path: 1.0.4
      resolve: 1.22.12
    transitivePeerDependencies:
      - supports-color

  resolve@1.22.12:
    dependencies:
      es-errors: 1.3.0
      is-core-module: 2.16.2
      path-parse: 1.0.7
      supports-preserve-symlinks-flag: 1.0.0

  string-width@4.2.3:
    dependencies:
      emoji-regex: 8.0.0
      is-fullwidth-code-point: 3.0.0
      strip-ansi: 6.0.1

  strip-ansi@6.0.1:
    dependencies:
      ansi-regex: 5.0.1

  supports-preserve-symlinks-flag@1.0.0: {}

  tsx@4.23.1:
    dependencies:
      esbuild: 0.28.1
    optionalDependencies:
      fsevents: 2.3.3

  typescript@5.9.3: {}

  undici-types@6.21.0: {}

  wrap-ansi@7.0.0:
    dependencies:
      ansi-styles: 4.3.0
      string-width: 4.2.3
      strip-ansi: 6.0.1

  y18n@5.0.8: {}

  yargs-parser@21.1.1: {}

  yargs@17.7.3:
    dependencies:
      cliui: 8.0.1
      escalade: 3.2.0
      get-caller-file: 2.0.5
      require-directory: 2.1.1
      string-width: 4.2.3
      y18n: 5.0.8
      yargs-parser: 21.1.1
